// !$*UTF8*$!
{
	archiveVersion = 1;
	classes = {
	};
	objectVersion = 50;
	objects = {

/* Begin PBXAggregateTarget section */
		CE972EEE213C4E4C00F2151E /* Docs */ = {
			isa = PBXAggregateTarget;
			buildConfigurationList = CE972EF1213C4E4C00F2151E /* Build configuration list for PBXAggregateTarget "Docs" */;
			buildPhases = (
				CE972EF2213C4E4F00F2151E /* Jazzy */,
			);
			dependencies = (
			);
			name = Docs;
			productName = Docs;
		};
/* End PBXAggregateTarget section */

/* Begin PBXBuildFile section */
		CE93F74A20B08C4A00DE984A /* AFNPermissions.h in Headers */ = {isa = PBXBuildFile; fileRef = CE93F74820B08C4A00DE984A /* AFNPermissions.h */; settings = {ATTRIBUTES = (Public, ); }; };
		CE93F79820B08E6300DE984A /* PermissionController.swift in Sources */ = {isa = PBXBuildFile; fileRef = CE93F79720B08E6300DE984A /* PermissionController.swift */; };
		CE93F79A20B08F1700DE984A /* PermissionControllerProvider.swift in Sources */ = {isa = PBXBuildFile; fileRef = CE93F79920B08F1700DE984A /* PermissionControllerProvider.swift */; };
		CE93F79C20B08F2E00DE984A /* PermissionPromptController.swift in Sources */ = {isa = PBXBuildFile; fileRef = CE93F79B20B08F2E00DE984A /* PermissionPromptController.swift */; };
		CE93F79F20B08F4700DE984A /* LocationPermissionController.swift in Sources */ = {isa = PBXBuildFile; fileRef = CE93F79E20B08F4700DE984A /* LocationPermissionController.swift */; };
		CE93F7A120B08F5600DE984A /* PhotosPermissionController.swift in Sources */ = {isa = PBXBuildFile; fileRef = CE93F7A020B08F5600DE984A /* PhotosPermissionController.swift */; };
		CE93F7A320B08F6E00DE984A /* Permissions.xcassets in Resources */ = {isa = PBXBuildFile; fileRef = CE93F7A220B08F6E00DE984A /* Permissions.xcassets */; };
		CE93F7A520B08F8A00DE984A /* Permission.swift in Sources */ = {isa = PBXBuildFile; fileRef = CE93F7A420B08F8A00DE984A /* Permission.swift */; };
		CE93F7A720B08F9300DE984A /* PermissionError.swift in Sources */ = {isa = PBXBuildFile; fileRef = CE93F7A620B08F9300DE984A /* PermissionError.swift */; };
		CE93F7A920B08F9C00DE984A /* PermissionPromptResult.swift in Sources */ = {isa = PBXBuildFile; fileRef = CE93F7A820B08F9C00DE984A /* PermissionPromptResult.swift */; };
		CE93F7AB20B08FA400DE984A /* PermissionStatus.swift in Sources */ = {isa = PBXBuildFile; fileRef = CE93F7AA20B08FA400DE984A /* PermissionStatus.swift */; };
		CE93F7B320B08FDC00DE984A /* PermissionPromptViewControllerAnimationController.swift in Sources */ = {isa = PBXBuildFile; fileRef = CE93F7AC20B08FDC00DE984A /* PermissionPromptViewControllerAnimationController.swift */; };
		CE93F7B420B08FDC00DE984A /* PermissionPromptViewController.swift in Sources */ = {isa = PBXBuildFile; fileRef = CE93F7AD20B08FDC00DE984A /* PermissionPromptViewController.swift */; };
		CE93F7B520B08FDC00DE984A /* Permission+PermissionPromptViewModel.swift in Sources */ = {isa = PBXBuildFile; fileRef = CE93F7AE20B08FDC00DE984A /* Permission+PermissionPromptViewModel.swift */; };
		CE93F7B620B08FDC00DE984A /* PermissionPromptViewControllerPresentationController.swift in Sources */ = {isa = PBXBuildFile; fileRef = CE93F7AF20B08FDC00DE984A /* PermissionPromptViewControllerPresentationController.swift */; };
		CE93F7B720B08FDC00DE984A /* PermissionPromptView.swift in Sources */ = {isa = PBXBuildFile; fileRef = CE93F7B020B08FDC00DE984A /* PermissionPromptView.swift */; };
		CE93F7B820B08FDC00DE984A /* PermissionPromptViewController.xib in Resources */ = {isa = PBXBuildFile; fileRef = CE93F7B120B08FDC00DE984A /* PermissionPromptViewController.xib */; };
		CE93F7B920B08FDC00DE984A /* PermissionPromptViewModel.swift in Sources */ = {isa = PBXBuildFile; fileRef = CE93F7B220B08FDC00DE984A /* PermissionPromptViewModel.swift */; };
		CE972EF7213C60EF00F2151E /* UIViewController+PermissionPromptController.swift in Sources */ = {isa = PBXBuildFile; fileRef = CE972EF6213C60EF00F2151E /* UIViewController+PermissionPromptController.swift */; };
		CE972EFF213C809100F2151E /* ContactsPermissionController.swift in Sources */ = {isa = PBXBuildFile; fileRef = CE972EFE213C809100F2151E /* ContactsPermissionController.swift */; };
		CE972F01213C89C000F2151E /* CameraPermissionController.swift in Sources */ = {isa = PBXBuildFile; fileRef = CE972F00213C89C000F2151E /* CameraPermissionController.swift */; };
		CE972F03213C8BB400F2151E /* MicrophonePermissionController.swift in Sources */ = {isa = PBXBuildFile; fileRef = CE972F02213C8BB400F2151E /* MicrophonePermissionController.swift */; };
		CE972F05213C8FDB00F2151E /* EventStorePermissionController.swift in Sources */ = {isa = PBXBuildFile; fileRef = CE972F04213C8FDB00F2151E /* EventStorePermissionController.swift */; };
/* End PBXBuildFile section */

/* Begin PBXFileReference section */
		CE93F74520B08C4A00DE984A /* PermissionsKit.framework */ = {isa = PBXFileReference; explicitFileType = wrapper.framework; includeInIndex = 0; path = PermissionsKit.framework; sourceTree = BUILT_PRODUCTS_DIR; };
		CE93F74820B08C4A00DE984A /* AFNPermissions.h */ = {isa = PBXFileReference; lastKnownFileType = sourcecode.c.h; path = AFNPermissions.h; sourceTree = "<group>"; };
		CE93F74920B08C4A00DE984A /* Info.plist */ = {isa = PBXFileReference; lastKnownFileType = text.plist.xml; path = Info.plist; sourceTree = "<group>"; };
		CE93F79720B08E6300DE984A /* PermissionController.swift */ = {isa = PBXFileReference; lastKnownFileType = sourcecode.swift; path = PermissionController.swift; sourceTree = "<group>"; };
		CE93F79920B08F1700DE984A /* PermissionControllerProvider.swift */ = {isa = PBXFileReference; lastKnownFileType = sourcecode.swift; path = PermissionControllerProvider.swift; sourceTree = "<group>"; };
		CE93F79B20B08F2E00DE984A /* PermissionPromptController.swift */ = {isa = PBXFileReference; lastKnownFileType = sourcecode.swift; path = PermissionPromptController.swift; sourceTree = "<group>"; };
		CE93F79E20B08F4700DE984A /* LocationPermissionController.swift */ = {isa = PBXFileReference; lastKnownFileType = sourcecode.swift; path = LocationPermissionController.swift; sourceTree = "<group>"; };
		CE93F7A020B08F5600DE984A /* PhotosPermissionController.swift */ = {isa = PBXFileReference; lastKnownFileType = sourcecode.swift; path = PhotosPermissionController.swift; sourceTree = "<group>"; };
		CE93F7A220B08F6E00DE984A /* Permissions.xcassets */ = {isa = PBXFileReference; lastKnownFileType = folder.assetcatalog; path = Permissions.xcassets; sourceTree = "<group>"; };
		CE93F7A420B08F8A00DE984A /* Permission.swift */ = {isa = PBXFileReference; lastKnownFileType = sourcecode.swift; path = Permission.swift; sourceTree = "<group>"; };
		CE93F7A620B08F9300DE984A /* PermissionError.swift */ = {isa = PBXFileReference; lastKnownFileType = sourcecode.swift; path = PermissionError.swift; sourceTree = "<group>"; };
		CE93F7A820B08F9C00DE984A /* PermissionPromptResult.swift */ = {isa = PBXFileReference; lastKnownFileType = sourcecode.swift; path = PermissionPromptResult.swift; sourceTree = "<group>"; };
		CE93F7AA20B08FA400DE984A /* PermissionStatus.swift */ = {isa = PBXFileReference; lastKnownFileType = sourcecode.swift; path = PermissionStatus.swift; sourceTree = "<group>"; };
		CE93F7AC20B08FDC00DE984A /* PermissionPromptViewControllerAnimationController.swift */ = {isa = PBXFileReference; fileEncoding = 4; lastKnownFileType = sourcecode.swift; path = PermissionPromptViewControllerAnimationController.swift; sourceTree = "<group>"; };
		CE93F7AD20B08FDC00DE984A /* PermissionPromptViewController.swift */ = {isa = PBXFileReference; fileEncoding = 4; lastKnownFileType = sourcecode.swift; path = PermissionPromptViewController.swift; sourceTree = "<group>"; };
		CE93F7AE20B08FDC00DE984A /* Permission+PermissionPromptViewModel.swift */ = {isa = PBXFileReference; fileEncoding = 4; lastKnownFileType = sourcecode.swift; path = "Permission+PermissionPromptViewModel.swift"; sourceTree = "<group>"; };
		CE93F7AF20B08FDC00DE984A /* PermissionPromptViewControllerPresentationController.swift */ = {isa = PBXFileReference; fileEncoding = 4; lastKnownFileType = sourcecode.swift; path = PermissionPromptViewControllerPresentationController.swift; sourceTree = "<group>"; };
		CE93F7B020B08FDC00DE984A /* PermissionPromptView.swift */ = {isa = PBXFileReference; fileEncoding = 4; lastKnownFileType = sourcecode.swift; path = PermissionPromptView.swift; sourceTree = "<group>"; };
		CE93F7B120B08FDC00DE984A /* PermissionPromptViewController.xib */ = {isa = PBXFileReference; fileEncoding = 4; lastKnownFileType = file.xib; path = PermissionPromptViewController.xib; sourceTree = "<group>"; };
		CE93F7B220B08FDC00DE984A /* PermissionPromptViewModel.swift */ = {isa = PBXFileReference; fileEncoding = 4; lastKnownFileType = sourcecode.swift; path = PermissionPromptViewModel.swift; sourceTree = "<group>"; };
		CE972EF6213C60EF00F2151E /* UIViewController+PermissionPromptController.swift */ = {isa = PBXFileReference; lastKnownFileType = sourcecode.swift; path = "UIViewController+PermissionPromptController.swift"; sourceTree = "<group>"; };
		CE972EFE213C809100F2151E /* ContactsPermissionController.swift */ = {isa = PBXFileReference; lastKnownFileType = sourcecode.swift; path = ContactsPermissionController.swift; sourceTree = "<group>"; };
		CE972F00213C89C000F2151E /* CameraPermissionController.swift */ = {isa = PBXFileReference; lastKnownFileType = sourcecode.swift; path = CameraPermissionController.swift; sourceTree = "<group>"; };
		CE972F02213C8BB400F2151E /* MicrophonePermissionController.swift */ = {isa = PBXFileReference; lastKnownFileType = sourcecode.swift; path = MicrophonePermissionController.swift; sourceTree = "<group>"; };
		CE972F04213C8FDB00F2151E /* EventStorePermissionController.swift */ = {isa = PBXFileReference; lastKnownFileType = sourcecode.swift; path = EventStorePermissionController.swift; sourceTree = "<group>"; };
/* End PBXFileReference section */

/* Begin PBXFrameworksBuildPhase section */
		CE93F74120B08C4A00DE984A /* Frameworks */ = {
			isa = PBXFrameworksBuildPhase;
			buildActionMask = 2147483647;
			files = (
			);
			runOnlyForDeploymentPostprocessing = 0;
		};
/* End PBXFrameworksBuildPhase section */

/* Begin PBXGroup section */
		CE93F73B20B08C4A00DE984A = {
			isa = PBXGroup;
			children = (
				CE93F74720B08C4A00DE984A /* PermissionsKit */,
				CE93F74620B08C4A00DE984A /* Products */,
			);
			sourceTree = "<group>";
		};
		CE93F74620B08C4A00DE984A /* Products */ = {
			isa = PBXGroup;
			children = (
				CE93F74520B08C4A00DE984A /* PermissionsKit.framework */,
			);
			name = Products;
			sourceTree = "<group>";
		};
		CE93F74720B08C4A00DE984A /* PermissionsKit */ = {
			isa = PBXGroup;
			children = (
				CE93F76720B08CD700DE984A /* Controllers */,
				CE93F76820B08CDE00DE984A /* Resources */,
				CE93F76620B08C9900DE984A /* Support Files */,
				CE93F76920B08CE300DE984A /* Values */,
				CE93F76A20B08CE800DE984A /* UI */,
			);
			path = PermissionsKit;
			sourceTree = "<group>";
		};
		CE93F76620B08C9900DE984A /* Support Files */ = {
			isa = PBXGroup;
			children = (
				CE93F74820B08C4A00DE984A /* AFNPermissions.h */,
				CE93F74920B08C4A00DE984A /* Info.plist */,
			);
			path = "Support Files";
			sourceTree = "<group>";
		};
		CE93F76720B08CD700DE984A /* Controllers */ = {
			isa = PBXGroup;
			children = (
				CE93F79720B08E6300DE984A /* PermissionController.swift */,
				CE93F79920B08F1700DE984A /* PermissionControllerProvider.swift */,
				CE93F79B20B08F2E00DE984A /* PermissionPromptController.swift */,
				CE93F79D20B08F3F00DE984A /* Concrete */,
			);
			path = Controllers;
			sourceTree = "<group>";
		};
		CE93F76820B08CDE00DE984A /* Resources */ = {
			isa = PBXGroup;
			children = (
				CE93F7A220B08F6E00DE984A /* Permissions.xcassets */,
			);
			path = Resources;
			sourceTree = "<group>";
		};
		CE93F76920B08CE300DE984A /* Values */ = {
			isa = PBXGroup;
			children = (
				CE93F7A420B08F8A00DE984A /* Permission.swift */,
				CE93F7A620B08F9300DE984A /* PermissionError.swift */,
				CE93F7A820B08F9C00DE984A /* PermissionPromptResult.swift */,
				CE93F7AA20B08FA400DE984A /* PermissionStatus.swift */,
			);
			path = Values;
			sourceTree = "<group>";
		};
		CE93F76A20B08CE800DE984A /* UI */ = {
			isa = PBXGroup;
			children = (
				CE972EFC213C67E600F2151E /* Extensions */,
				CE972EFA213C67CE00F2151E /* View */,
				CE972EFB213C67D800F2151E /* View Controllers */,
				CE972EF9213C67C600F2151E /* View Model */,
			);
			path = UI;
			sourceTree = "<group>";
		};
		CE93F79D20B08F3F00DE984A /* Concrete */ = {
			isa = PBXGroup;
			children = (
				CE972F00213C89C000F2151E /* CameraPermissionController.swift */,
				CE972EFE213C809100F2151E /* ContactsPermissionController.swift */,
				CE972F04213C8FDB00F2151E /* EventStorePermissionController.swift */,
				CE93F79E20B08F4700DE984A /* LocationPermissionController.swift */,
				CE972F02213C8BB400F2151E /* MicrophonePermissionController.swift */,
				CE93F7A020B08F5600DE984A /* PhotosPermissionController.swift */,
			);
			path = Concrete;
			sourceTree = "<group>";
		};
		CE972EF9213C67C600F2151E /* View Model */ = {
			isa = PBXGroup;
			children = (
				CE93F7AE20B08FDC00DE984A /* Permission+PermissionPromptViewModel.swift */,
				CE93F7B220B08FDC00DE984A /* PermissionPromptViewModel.swift */,
			);
			path = "View Model";
			sourceTree = "<group>";
		};
		CE972EFA213C67CE00F2151E /* View */ = {
			isa = PBXGroup;
			children = (
				CE93F7B020B08FDC00DE984A /* PermissionPromptView.swift */,
			);
			path = View;
			sourceTree = "<group>";
		};
		CE972EFB213C67D800F2151E /* View Controllers */ = {
			isa = PBXGroup;
			children = (
				CE93F7AD20B08FDC00DE984A /* PermissionPromptViewController.swift */,
				CE93F7B120B08FDC00DE984A /* PermissionPromptViewController.xib */,
				CE972EFD213C67FB00F2151E /* Presentation */,
			);
			path = "View Controllers";
			sourceTree = "<group>";
		};
		CE972EFC213C67E600F2151E /* Extensions */ = {
			isa = PBXGroup;
			children = (
				CE972EF6213C60EF00F2151E /* UIViewController+PermissionPromptController.swift */,
			);
			path = Extensions;
			sourceTree = "<group>";
		};
		CE972EFD213C67FB00F2151E /* Presentation */ = {
			isa = PBXGroup;
			children = (
				CE93F7AC20B08FDC00DE984A /* PermissionPromptViewControllerAnimationController.swift */,
				CE93F7AF20B08FDC00DE984A /* PermissionPromptViewControllerPresentationController.swift */,
			);
			path = Presentation;
			sourceTree = "<group>";
		};
/* End PBXGroup section */

/* Begin PBXHeadersBuildPhase section */
		CE93F74220B08C4A00DE984A /* Headers */ = {
			isa = PBXHeadersBuildPhase;
			buildActionMask = 2147483647;
			files = (
				CE93F74A20B08C4A00DE984A /* AFNPermissions.h in Headers */,
			);
			runOnlyForDeploymentPostprocessing = 0;
		};
/* End PBXHeadersBuildPhase section */

/* Begin PBXNativeTarget section */
		CE93F74420B08C4A00DE984A /* PermissionsKit */ = {
			isa = PBXNativeTarget;
			buildConfigurationList = CE93F74D20B08C4A00DE984A /* Build configuration list for PBXNativeTarget "PermissionsKit" */;
			buildPhases = (
				CE93F74020B08C4A00DE984A /* Sources */,
				CE93F74120B08C4A00DE984A /* Frameworks */,
				CE93F74220B08C4A00DE984A /* Headers */,
				CE93F74320B08C4A00DE984A /* Resources */,
				CE972EE8213B4CF900F2151E /* SwiftLint */,
			);
			buildRules = (
			);
			dependencies = (
			);
			name = PermissionsKit;
			productName = AFNPermissions;
			productReference = CE93F74520B08C4A00DE984A /* PermissionsKit.framework */;
			productType = "com.apple.product-type.framework";
		};
/* End PBXNativeTarget section */

/* Begin PBXProject section */
		CE93F73C20B08C4A00DE984A /* Project object */ = {
			isa = PBXProject;
			attributes = {
				LastUpgradeCheck = 0930;
				ORGANIZATIONNAME = davemess;
				TargetAttributes = {
					CE93F74420B08C4A00DE984A = {
						CreatedOnToolsVersion = 9.3;
						LastSwiftMigration = 1000;
					};
					CE972EEE213C4E4C00F2151E = {
						CreatedOnToolsVersion = 10.0;
					};
				};
			};
			buildConfigurationList = CE93F73F20B08C4A00DE984A /* Build configuration list for PBXProject "PermissionsKit" */;
			compatibilityVersion = "Xcode 9.3";
			developmentRegion = en;
			hasScannedForEncodings = 0;
			knownRegions = (
				en,
			);
			mainGroup = CE93F73B20B08C4A00DE984A;
			productRefGroup = CE93F74620B08C4A00DE984A /* Products */;
			projectDirPath = "";
			projectRoot = "";
			targets = (
				CE93F74420B08C4A00DE984A /* PermissionsKit */,
				CE972EEE213C4E4C00F2151E /* Docs */,
			);
		};
/* End PBXProject section */

/* Begin PBXResourcesBuildPhase section */
		CE93F74320B08C4A00DE984A /* Resources */ = {
			isa = PBXResourcesBuildPhase;
			buildActionMask = 2147483647;
			files = (
				CE93F7A320B08F6E00DE984A /* Permissions.xcassets in Resources */,
				CE93F7B820B08FDC00DE984A /* PermissionPromptViewController.xib in Resources */,
			);
			runOnlyForDeploymentPostprocessing = 0;
		};
/* End PBXResourcesBuildPhase section */

/* Begin PBXShellScriptBuildPhase section */
		CE972EE8213B4CF900F2151E /* SwiftLint */ = {
			isa = PBXShellScriptBuildPhase;
			buildActionMask = 2147483647;
			files = (
			);
			inputFileListPaths = (
			);
			inputPaths = (
			);
			name = SwiftLint;
			outputFileListPaths = (
			);
			outputPaths = (
			);
			runOnlyForDeploymentPostprocessing = 0;
			shellPath = /bin/sh;
			shellScript = "if which swiftlint >/dev/null; then\n    swiftlint\nelse\n    echo \"warning: SwiftLint not installed, download from https://github.com/realm/SwiftLint\"\nfi\n";
		};
		CE972EF2213C4E4F00F2151E /* Jazzy */ = {
			isa = PBXShellScriptBuildPhase;
			buildActionMask = 2147483647;
			files = (
			);
			inputFileListPaths = (
			);
			inputPaths = (
			);
			name = Jazzy;
			outputFileListPaths = (
			);
			outputPaths = (
			);
			runOnlyForDeploymentPostprocessing = 0;
			shellPath = /bin/sh;
			shellScript = "if which jazzy >/dev/null; then\n    jazzy\nelse\n    echo \"warning: Jazzy not installed, download from https://github.com/realm/jazzy\"\nfi\n";
		};
/* End PBXShellScriptBuildPhase section */

/* Begin PBXSourcesBuildPhase section */
		CE93F74020B08C4A00DE984A /* Sources */ = {
			isa = PBXSourcesBuildPhase;
			buildActionMask = 2147483647;
			files = (
				CE93F7B520B08FDC00DE984A /* Permission+PermissionPromptViewModel.swift in Sources */,
				CE93F79820B08E6300DE984A /* PermissionController.swift in Sources */,
				CE93F7A920B08F9C00DE984A /* PermissionPromptResult.swift in Sources */,
				CE972EF7213C60EF00F2151E /* UIViewController+PermissionPromptController.swift in Sources */,
				CE93F7B420B08FDC00DE984A /* PermissionPromptViewController.swift in Sources */,
				CE93F7AB20B08FA400DE984A /* PermissionStatus.swift in Sources */,
				CE93F79A20B08F1700DE984A /* PermissionControllerProvider.swift in Sources */,
				CE93F7B620B08FDC00DE984A /* PermissionPromptViewControllerPresentationController.swift in Sources */,
				CE972F03213C8BB400F2151E /* MicrophonePermissionController.swift in Sources */,
				CE972F01213C89C000F2151E /* CameraPermissionController.swift in Sources */,
				CE93F7A720B08F9300DE984A /* PermissionError.swift in Sources */,
				CE972F05213C8FDB00F2151E /* EventStorePermissionController.swift in Sources */,
				CE93F7A520B08F8A00DE984A /* Permission.swift in Sources */,
				CE93F7B920B08FDC00DE984A /* PermissionPromptViewModel.swift in Sources */,
				CE972EFF213C809100F2151E /* ContactsPermissionController.swift in Sources */,
				CE93F7B320B08FDC00DE984A /* PermissionPromptViewControllerAnimationController.swift in Sources */,
				CE93F79C20B08F2E00DE984A /* PermissionPromptController.swift in Sources */,
				CE93F7A120B08F5600DE984A /* PhotosPermissionController.swift in Sources */,
				CE93F79F20B08F4700DE984A /* LocationPermissionController.swift in Sources */,
				CE93F7B720B08FDC00DE984A /* PermissionPromptView.swift in Sources */,
			);
			runOnlyForDeploymentPostprocessing = 0;
		};
/* End PBXSourcesBuildPhase section */

/* Begin XCBuildConfiguration section */
		CE93F74B20B08C4A00DE984A /* Debug */ = {
			isa = XCBuildConfiguration;
			buildSettings = {
				ALWAYS_SEARCH_USER_PATHS = NO;
				CLANG_ANALYZER_NONNULL = YES;
				CLANG_ANALYZER_NUMBER_OBJECT_CONVERSION = YES_AGGRESSIVE;
				CLANG_CXX_LANGUAGE_STANDARD = "gnu++14";
				CLANG_CXX_LIBRARY = "libc++";
				CLANG_ENABLE_MODULES = YES;
				CLANG_ENABLE_OBJC_ARC = YES;
				CLANG_ENABLE_OBJC_WEAK = YES;
				CLANG_WARN_BLOCK_CAPTURE_AUTORELEASING = YES;
				CLANG_WARN_BOOL_CONVERSION = YES;
				CLANG_WARN_COMMA = YES;
				CLANG_WARN_CONSTANT_CONVERSION = YES;
				CLANG_WARN_DEPRECATED_OBJC_IMPLEMENTATIONS = YES;
				CLANG_WARN_DIRECT_OBJC_ISA_USAGE = YES_ERROR;
				CLANG_WARN_DOCUMENTATION_COMMENTS = YES;
				CLANG_WARN_EMPTY_BODY = YES;
				CLANG_WARN_ENUM_CONVERSION = YES;
				CLANG_WARN_INFINITE_RECURSION = YES;
				CLANG_WARN_INT_CONVERSION = YES;
				CLANG_WARN_NON_LITERAL_NULL_CONVERSION = YES;
				CLANG_WARN_OBJC_IMPLICIT_RETAIN_SELF = YES;
				CLANG_WARN_OBJC_LITERAL_CONVERSION = YES;
				CLANG_WARN_OBJC_ROOT_CLASS = YES_ERROR;
				CLANG_WARN_RANGE_LOOP_ANALYSIS = YES;
				CLANG_WARN_STRICT_PROTOTYPES = YES;
				CLANG_WARN_SUSPICIOUS_MOVE = YES;
				CLANG_WARN_UNGUARDED_AVAILABILITY = YES_AGGRESSIVE;
				CLANG_WARN_UNREACHABLE_CODE = YES;
				CLANG_WARN__DUPLICATE_METHOD_MATCH = YES;
				CODE_SIGN_IDENTITY = "iPhone Developer";
				COPY_PHASE_STRIP = NO;
				CURRENT_PROJECT_VERSION = 1;
				DEBUG_INFORMATION_FORMAT = dwarf;
				ENABLE_STRICT_OBJC_MSGSEND = YES;
				ENABLE_TESTABILITY = YES;
				GCC_C_LANGUAGE_STANDARD = gnu11;
				GCC_DYNAMIC_NO_PIC = NO;
				GCC_NO_COMMON_BLOCKS = YES;
				GCC_OPTIMIZATION_LEVEL = 0;
				GCC_PREPROCESSOR_DEFINITIONS = (
					"DEBUG=1",
					"$(inherited)",
				);
				GCC_WARN_64_TO_32_BIT_CONVERSION = YES;
				GCC_WARN_ABOUT_RETURN_TYPE = YES_ERROR;
				GCC_WARN_UNDECLARED_SELECTOR = YES;
				GCC_WARN_UNINITIALIZED_AUTOS = YES_AGGRESSIVE;
				GCC_WARN_UNUSED_FUNCTION = YES;
				GCC_WARN_UNUSED_VARIABLE = YES;
				IPHONEOS_DEPLOYMENT_TARGET = 11.3;
				MTL_ENABLE_DEBUG_INFO = YES;
				ONLY_ACTIVE_ARCH = YES;
				SDKROOT = iphoneos;
				SWIFT_ACTIVE_COMPILATION_CONDITIONS = DEBUG;
				SWIFT_OPTIMIZATION_LEVEL = "-Onone";
				VERSIONING_SYSTEM = "apple-generic";
				VERSION_INFO_PREFIX = "";
			};
			name = Debug;
		};
		CE93F74C20B08C4A00DE984A /* Release */ = {
			isa = XCBuildConfiguration;
			buildSettings = {
				ALWAYS_SEARCH_USER_PATHS = NO;
				CLANG_ANALYZER_NONNULL = YES;
				CLANG_ANALYZER_NUMBER_OBJECT_CONVERSION = YES_AGGRESSIVE;
				CLANG_CXX_LANGUAGE_STANDARD = "gnu++14";
				CLANG_CXX_LIBRARY = "libc++";
				CLANG_ENABLE_MODULES = YES;
				CLANG_ENABLE_OBJC_ARC = YES;
				CLANG_ENABLE_OBJC_WEAK = YES;
				CLANG_WARN_BLOCK_CAPTURE_AUTORELEASING = YES;
				CLANG_WARN_BOOL_CONVERSION = YES;
				CLANG_WARN_COMMA = YES;
				CLANG_WARN_CONSTANT_CONVERSION = YES;
				CLANG_WARN_DEPRECATED_OBJC_IMPLEMENTATIONS = YES;
				CLANG_WARN_DIRECT_OBJC_ISA_USAGE = YES_ERROR;
				CLANG_WARN_DOCUMENTATION_COMMENTS = YES;
				CLANG_WARN_EMPTY_BODY = YES;
				CLANG_WARN_ENUM_CONVERSION = YES;
				CLANG_WARN_INFINITE_RECURSION = YES;
				CLANG_WARN_INT_CONVERSION = YES;
				CLANG_WARN_NON_LITERAL_NULL_CONVERSION = YES;
				CLANG_WARN_OBJC_IMPLICIT_RETAIN_SELF = YES;
				CLANG_WARN_OBJC_LITERAL_CONVERSION = YES;
				CLANG_WARN_OBJC_ROOT_CLASS = YES_ERROR;
				CLANG_WARN_RANGE_LOOP_ANALYSIS = YES;
				CLANG_WARN_STRICT_PROTOTYPES = YES;
				CLANG_WARN_SUSPICIOUS_MOVE = YES;
				CLANG_WARN_UNGUARDED_AVAILABILITY = YES_AGGRESSIVE;
				CLANG_WARN_UNREACHABLE_CODE = YES;
				CLANG_WARN__DUPLICATE_METHOD_MATCH = YES;
				CODE_SIGN_IDENTITY = "iPhone Developer";
				COPY_PHASE_STRIP = NO;
				CURRENT_PROJECT_VERSION = 1;
				DEBUG_INFORMATION_FORMAT = "dwarf-with-dsym";
				ENABLE_NS_ASSERTIONS = NO;
				ENABLE_STRICT_OBJC_MSGSEND = YES;
				GCC_C_LANGUAGE_STANDARD = gnu11;
				GCC_NO_COMMON_BLOCKS = YES;
				GCC_WARN_64_TO_32_BIT_CONVERSION = YES;
				GCC_WARN_ABOUT_RETURN_TYPE = YES_ERROR;
				GCC_WARN_UNDECLARED_SELECTOR = YES;
				GCC_WARN_UNINITIALIZED_AUTOS = YES_AGGRESSIVE;
				GCC_WARN_UNUSED_FUNCTION = YES;
				GCC_WARN_UNUSED_VARIABLE = YES;
				IPHONEOS_DEPLOYMENT_TARGET = 11.3;
				MTL_ENABLE_DEBUG_INFO = NO;
				SDKROOT = iphoneos;
				SWIFT_COMPILATION_MODE = wholemodule;
				SWIFT_OPTIMIZATION_LEVEL = "-O";
				VALIDATE_PRODUCT = YES;
				VERSIONING_SYSTEM = "apple-generic";
				VERSION_INFO_PREFIX = "";
			};
			name = Release;
		};
		CE93F74E20B08C4A00DE984A /* Debug */ = {
			isa = XCBuildConfiguration;
			buildSettings = {
				CLANG_ENABLE_MODULES = YES;
				CODE_SIGN_IDENTITY = "";
				CODE_SIGN_STYLE = Automatic;
				DEFINES_MODULE = YES;
				DEVELOPMENT_TEAM = F3DZMTG4N6;
				DYLIB_COMPATIBILITY_VERSION = 1;
				DYLIB_CURRENT_VERSION = 1;
				DYLIB_INSTALL_NAME_BASE = "@rpath";
				INFOPLIST_FILE = "$(SRCROOT)/PermissionsKit/Support Files/Info.plist";
				INSTALL_PATH = "$(LOCAL_LIBRARY_DIR)/Frameworks";
				IPHONEOS_DEPLOYMENT_TARGET = 12.0;
				LD_RUNPATH_SEARCH_PATHS = (
					"$(inherited)",
					"@executable_path/Frameworks",
					"@loader_path/Frameworks",
				);
				PRODUCT_BUNDLE_IDENTIFIER = com.davemess.AFNPermissions;
				PRODUCT_NAME = "$(TARGET_NAME:c99extidentifier)";
				SKIP_INSTALL = YES;
				SWIFT_OPTIMIZATION_LEVEL = "-Onone";
				SWIFT_VERSION = 4.2;
				TARGETED_DEVICE_FAMILY = "1,2";
			};
			name = Debug;
		};
		CE93F74F20B08C4A00DE984A /* Release */ = {
			isa = XCBuildConfiguration;
			buildSettings = {
				CLANG_ENABLE_MODULES = YES;
				CODE_SIGN_IDENTITY = "";
				CODE_SIGN_STYLE = Automatic;
				DEFINES_MODULE = YES;
				DEVELOPMENT_TEAM = F3DZMTG4N6;
				DYLIB_COMPATIBILITY_VERSION = 1;
				DYLIB_CURRENT_VERSION = 1;
				DYLIB_INSTALL_NAME_BASE = "@rpath";
				INFOPLIST_FILE = "$(SRCROOT)/PermissionsKit/Support Files/Info.plist";
				INSTALL_PATH = "$(LOCAL_LIBRARY_DIR)/Frameworks";
				IPHONEOS_DEPLOYMENT_TARGET = 12.0;
				LD_RUNPATH_SEARCH_PATHS = (
					"$(inherited)",
					"@executable_path/Frameworks",
					"@loader_path/Frameworks",
				);
				PRODUCT_BUNDLE_IDENTIFIER = com.davemess.AFNPermissions;
				PRODUCT_NAME = "$(TARGET_NAME:c99extidentifier)";
				SKIP_INSTALL = YES;
				SWIFT_VERSION = 4.2;
				TARGETED_DEVICE_FAMILY = "1,2";
			};
			name = Release;
		};
		CE972EEF213C4E4C00F2151E /* Debug */ = {
			isa = XCBuildConfiguration;
			buildSettings = {
				CODE_SIGN_STYLE = Automatic;
				DEVELOPMENT_TEAM = F3DZMTG4N6;
				PRODUCT_NAME = "$(TARGET_NAME)";
			};
			name = Debug;
		};
		CE972EF0213C4E4C00F2151E /* Release */ = {
			isa = XCBuildConfiguration;
			buildSettings = {
				CODE_SIGN_STYLE = Automatic;
				DEVELOPMENT_TEAM = F3DZMTG4N6;
				PRODUCT_NAME = "$(TARGET_NAME)";
			};
			name = Release;
		};
/* End XCBuildConfiguration section */

/* Begin XCConfigurationList section */
		CE93F73F20B08C4A00DE984A /* Build configuration list for PBXProject "PermissionsKit" */ = {
			isa = XCConfigurationList;
			buildConfigurations = (
				CE93F74B20B08C4A00DE984A /* Debug */,
				CE93F74C20B08C4A00DE984A /* Release */,
			);
			defaultConfigurationIsVisible = 0;
			defaultConfigurationName = Release;
		};
		CE93F74D20B08C4A00DE984A /* Build configuration list for PBXNativeTarget "PermissionsKit" */ = {
			isa = XCConfigurationList;
			buildConfigurations = (
				CE93F74E20B08C4A00DE984A /* Debug */,
				CE93F74F20B08C4A00DE984A /* Release */,
			);
			defaultConfigurationIsVisible = 0;
			defaultConfigurationName = Release;
		};
		CE972EF1213C4E4C00F2151E /* Build configuration list for PBXAggregateTarget "Docs" */ = {
			isa = XCConfigurationList;
			buildConfigurations = (
				CE972EEF213C4E4C00F2151E /* Debug */,
				CE972EF0213C4E4C00F2151E /* Release */,
			);
			defaultConfigurationIsVisible = 0;
			defaultConfigurationName = Release;
		};
/* End XCConfigurationList section */
	};
	rootObject = CE93F73C20B08C4A00DE984A /* Project object */;
}
